// !$*UTF8*$!
{
	archiveVersion = 1;
	classes = {
	};
	objectVersion = 46;
	objects = {

/* Begin PBXBuildFile section */
		086DA7221E505D9800996DF5 /* AppDelegate.swift in Sources */ = {isa = PBXBuildFile; fileRef = 086DA7211E505D9800996DF5 /* AppDelegate.swift */; };
		086DA7241E505D9800996DF5 /* ViewController.swift in Sources */ = {isa = PBXBuildFile; fileRef = 086DA7231E505D9800996DF5 /* ViewController.swift */; };
		086DA7271E505D9800996DF5 /* Main.storyboard in Resources */ = {isa = PBXBuildFile; fileRef = 086DA7251E505D9800996DF5 /* Main.storyboard */; };
		086DA7291E505D9800996DF5 /* Assets.xcassets in Resources */ = {isa = PBXBuildFile; fileRef = 086DA7281E505D9800996DF5 /* Assets.xcassets */; };
		086DA72C1E505D9800996DF5 /* LaunchScreen.storyboard in Resources */ = {isa = PBXBuildFile; fileRef = 086DA72A1E505D9800996DF5 /* LaunchScreen.storyboard */; };
		086DA7371E505D9800996DF5 /* pageScrollTests.swift in Sources */ = {isa = PBXBuildFile; fileRef = 086DA7361E505D9800996DF5 /* pageScrollTests.swift */; };
		086DA7421E505D9800996DF5 /* pageScrollUITests.swift in Sources */ = {isa = PBXBuildFile; fileRef = 086DA7411E505D9800996DF5 /* pageScrollUITests.swift */; };
/* End PBXBuildFile section */

/* Begin PBXContainerItemProxy section */
		086DA7331E505D9800996DF5 /* PBXContainerItemProxy */ = {
			isa = PBXContainerItemProxy;
			containerPortal = 086DA7161E505D9800996DF5 /* Project object */;
			proxyType = 1;
			remoteGlobalIDString = 086DA71D1E505D9800996DF5;
			remoteInfo = pageScroll;
		};
		086DA73E1E505D9800996DF5 /* PBXContainerItemProxy */ = {
			isa = PBXContainerItemProxy;
			containerPortal = 086DA7161E505D9800996DF5 /* Project object */;
			proxyType = 1;
			remoteGlobalIDString = 086DA71D1E505D9800996DF5;
			remoteInfo = pageScroll;
		};
/* End PBXContainerItemProxy section */

/* Begin PBXFileReference section */
		086DA71E1E505D9800996DF5 /* pageScroll.app */ = {isa = PBXFileReference; explicitFileType = wrapper.application; includeInIndex = 0; path = pageScroll.app; sourceTree = BUILT_PRODUCTS_DIR; };
		086DA7211E505D9800996DF5 /* AppDelegate.swift */ = {isa = PBXFileReference; lastKnownFileType = sourcecode.swift; path = AppDelegate.swift; sourceTree = "<group>"; };
		086DA7231E505D9800996DF5 /* ViewController.swift */ = {isa = PBXFileReference; lastKnownFileType = sourcecode.swift; path = ViewController.swift; sourceTree = "<group>"; };
		086DA7261E505D9800996DF5 /* Base */ = {isa = PBXFileReference; lastKnownFileType = file.storyboard; name = Base; path = Base.lproj/Main.storyboard; sourceTree = "<group>"; };
		086DA7281E505D9800996DF5 /* Assets.xcassets */ = {isa = PBXFileReference; lastKnownFileType = folder.assetcatalog; path = Assets.xcassets; sourceTree = "<group>"; };
		086DA72B1E505D9800996DF5 /* Base */ = {isa = PBXFileReference; lastKnownFileType = file.storyboard; name = Base; path = Base.lproj/LaunchScreen.storyboard; sourceTree = "<group>"; };
		086DA72D1E505D9800996DF5 /* Info.plist */ = {isa = PBXFileReference; lastKnownFileType = text.plist.xml; path = Info.plist; sourceTree = "<group>"; };
		086DA7321E505D9800996DF5 /* pageScrollTests.xctest */ = {isa = PBXFileReference; explicitFileType = wrapper.cfbundle; includeInIndex = 0; path = pageScrollTests.xctest; sourceTree = BUILT_PRODUCTS_DIR; };
		086DA7361E505D9800996DF5 /* pageScrollTests.swift */ = {isa = PBXFileReference; lastKnownFileType = sourcecode.swift; path = pageScrollTests.swift; sourceTree = "<group>"; };
		086DA7381E505D9800996DF5 /* Info.plist */ = {isa = PBXFileReference; lastKnownFileType = text.plist.xml; path = Info.plist; sourceTree = "<group>"; };
		086DA73D1E505D9800996DF5 /* pageScrollUITests.xctest */ = {isa = PBXFileReference; explicitFileType = wrapper.cfbundle; includeInIndex = 0; path = pageScrollUITests.xctest; sourceTree = BUILT_PRODUCTS_DIR; };
		086DA7411E505D9800996DF5 /* pageScrollUITests.swift */ = {isa = PBXFileReference; lastKnownFileType = sourcecode.swift; path = pageScrollUITests.swift; sourceTree = "<group>"; };
		086DA7431E505D9800996DF5 /* Info.plist */ = {isa = PBXFileReference; lastKnownFileType = text.plist.xml; path = Info.plist; sourceTree = "<group>"; };
/* End PBXFileReference section */

/* Begin PBXFrameworksBuildPhase section */
		086DA71B1E505D9800996DF5 /* Frameworks */ = {
			isa = PBXFrameworksBuildPhase;
			buildActionMask = 2147483647;
			files = (
			);
			runOnlyForDeploymentPostprocessing = 0;
		};
		086DA72F1E505D9800996DF5 /* Frameworks */ = {
			isa = PBXFrameworksBuildPhase;
			buildActionMask = 2147483647;
			files = (
			);
			runOnlyForDeploymentPostprocessing = 0;
		};
		086DA73A1E505D9800996DF5 /* Frameworks */ = {
			isa = PBXFrameworksBuildPhase;
			buildActionMask = 2147483647;
			files = (
			);
			runOnlyForDeploymentPostprocessing = 0;
		};
/* End PBXFrameworksBuildPhase section */

/* Begin PBXGroup section */
		086DA7151E505D9800996DF5 = {
			isa = PBXGroup;
			children = (
				086DA7201E505D9800996DF5 /* pageScroll */,
				086DA7351E505D9800996DF5 /* pageScrollTests */,
				086DA7401E505D9800996DF5 /* pageScrollUITests */,
				086DA71F1E505D9800996DF5 /* Products */,
			);
			sourceTree = "<group>";
		};
		086DA71F1E505D9800996DF5 /* Products */ = {
			isa = PBXGroup;
			children = (
				086DA71E1E505D9800996DF5 /* pageScroll.app */,
				086DA7321E505D9800996DF5 /* pageScrollTests.xctest */,
				086DA73D1E505D9800996DF5 /* pageScrollUITests.xctest */,
			);
			name = Products;
			sourceTree = "<group>";
		};
		086DA7201E505D9800996DF5 /* pageScroll */ = {
			isa = PBXGroup;
			children = (
				086DA7211E505D9800996DF5 /* AppDelegate.swift */,
				086DA7231E505D9800996DF5 /* ViewController.swift */,
				086DA7251E505D9800996DF5 /* Main.storyboard */,
				086DA7281E505D9800996DF5 /* Assets.xcassets */,
				086DA72A1E505D9800996DF5 /* LaunchScreen.storyboard */,
				086DA72D1E505D9800996DF5 /* Info.plist */,
			);
			path = pageScroll;
			sourceTree = "<group>";
		};
		086DA7351E505D9800996DF5 /* pageScrollTests */ = {
			isa = PBXGroup;
			children = (
				086DA7361E505D9800996DF5 /* pageScrollTests.swift */,
				086DA7381E505D9800996DF5 /* Info.plist */,
			);
			path = pageScrollTests;
			sourceTree = "<group>";
		};
		086DA7401E505D9800996DF5 /* pageScrollUITests */ = {
			isa = PBXGroup;
			children = (
				086DA7411E505D9800996DF5 /* pageScrollUITests.swift */,
				086DA7431E505D9800996DF5 /* Info.plist */,
			);
			path = pageScrollUITests;
			sourceTree = "<group>";
		};
/* End PBXGroup section */

/* Begin PBXNativeTarget section */
		086DA71D1E505D9800996DF5 /* pageScroll */ = {
			isa = PBXNativeTarget;
			buildConfigurationList = 086DA7461E505D9800996DF5 /* Build configuration list for PBXNativeTarget "pageScroll" */;
			buildPhases = (
				086DA71A1E505D9800996DF5 /* Sources */,
				086DA71B1E505D9800996DF5 /* Frameworks */,
				086DA71C1E505D9800996DF5 /* Resources */,
			);
			buildRules = (
			);
			dependencies = (
			);
			name = pageScroll;
			productName = pageScroll;
			productReference = 086DA71E1E505D9800996DF5 /* pageScroll.app */;
			productType = "com.apple.product-type.application";
		};
		086DA7311E505D9800996DF5 /* pageScrollTests */ = {
			isa = PBXNativeTarget;
			buildConfigurationList = 086DA7491E505D9800996DF5 /* Build configuration list for PBXNativeTarget "pageScrollTests" */;
			buildPhases = (
				086DA72E1E505D9800996DF5 /* Sources */,
				086DA72F1E505D9800996DF5 /* Frameworks */,
				086DA7301E505D9800996DF5 /* Resources */,
			);
			buildRules = (
			);
			dependencies = (
				086DA7341E505D9800996DF5 /* PBXTargetDependency */,
			);
			name = pageScrollTests;
			productName = pageScrollTests;
			productReference = 086DA7321E505D9800996DF5 /* pageScrollTests.xctest */;
			productType = "com.apple.product-type.bundle.unit-test";
		};
		086DA73C1E505D9800996DF5 /* pageScrollUITests */ = {
			isa = PBXNativeTarget;
			buildConfigurationList = 086DA74C1E505D9800996DF5 /* Build configuration list for PBXNativeTarget "pageScrollUITests" */;
			buildPhases = (
				086DA7391E505D9800996DF5 /* Sources */,
				086DA73A1E505D9800996DF5 /* Frameworks */,
				086DA73B1E505D9800996DF5 /* Resources */,
			);
			buildRules = (
			);
			dependencies = (
				086DA73F1E505D9800996DF5 /* PBXTargetDependency */,
			);
			name = pageScrollUITests;
			productName = pageScrollUITests;
			productReference = 086DA73D1E505D9800996DF5 /* pageScrollUITests.xctest */;
			productType = "com.apple.product-type.bundle.ui-testing";
		};
/* End PBXNativeTarget section */

/* Begin PBXProject section */
		086DA7161E505D9800996DF5 /* Project object */ = {
			isa = PBXProject;
			attributes = {
				LastSwiftUpdateCheck = 0820;
				LastUpgradeCheck = 0820;
				ORGANIZATIONNAME = "Marcus Tam";
				TargetAttributes = {
					086DA71D1E505D9800996DF5 = {
						CreatedOnToolsVersion = 8.2.1;
						ProvisioningStyle = Automatic;
					};
					086DA7311E505D9800996DF5 = {
						CreatedOnToolsVersion = 8.2.1;
						ProvisioningStyle = Automatic;
						TestTargetID = 086DA71D1E505D9800996DF5;
					};
					086DA73C1E505D9800996DF5 = {
						CreatedOnToolsVersion = 8.2.1;
						ProvisioningStyle = Automatic;
						TestTargetID = 086DA71D1E505D9800996DF5;
					};
				};
			};
			buildConfigurationList = 086DA7191E505D9800996DF5 /* Build configuration list for PBXProject "pageScroll" */;
			compatibilityVersion = "Xcode 3.2";
			developmentRegion = English;
			hasScannedForEncodings = 0;
			knownRegions = (
				en,
				Base,
			);
			mainGroup = 086DA7151E505D9800996DF5;
			productRefGroup = 086DA71F1E505D9800996DF5 /* Products */;
			projectDirPath = "";
			projectRoot = "";
			targets = (
				086DA71D1E505D9800996DF5 /* pageScroll */,
				086DA7311E505D9800996DF5 /* pageScrollTests */,
				086DA73C1E505D9800996DF5 /* pageScrollUITests */,
			);
		};
/* End PBXProject section */

/* Begin PBXResourcesBuildPhase section */
		086DA71C1E505D9800996DF5 /* Resources */ = {
			isa = PBXResourcesBuildPhase;
			buildActionMask = 2147483647;
			files = (
				086DA72C1E505D9800996DF5 /* LaunchScreen.storyboard in Resources */,
				086DA7291E505D9800996DF5 /* Assets.xcassets in Resources */,
				086DA7271E505D9800996DF5 /* Main.storyboard in Resources */,
			);
			runOnlyForDeploymentPostprocessing = 0;
		};
		086DA7301E505D9800996DF5 /* Resources */ = {
			isa = PBXResourcesBuildPhase;
			buildActionMask = 2147483647;
			files = (
			);
			runOnlyForDeploymentPostprocessing = 0;
		};
		086DA73B1E505D9800996DF5 /* Resources */ = {
			isa = PBXResourcesBuildPhase;
			buildActionMask = 2147483647;
			files = (
			);
			runOnlyForDeploymentPostprocessing = 0;
		};
/* End PBXResourcesBuildPhase section */

/* Begin PBXSourcesBuildPhase section */
		086DA71A1E505D9800996DF5 /* Sources */ = {
			isa = PBXSourcesBuildPhase;
			buildActionMask = 2147483647;
			files = (
				086DA7241E505D9800996DF5 /* ViewController.swift in Sources */,
				086DA7221E505D9800996DF5 /* AppDelegate.swift in Sources */,
			);
			runOnlyForDeploymentPostprocessing = 0;
		};
		086DA72E1E505D9800996DF5 /* Sources */ = {
			isa = PBXSourcesBuildPhase;
			buildActionMask = 2147483647;
			files = (
				086DA7371E505D9800996DF5 /* pageScrollTests.swift in Sources */,
			);
			runOnlyForDeploymentPostprocessing = 0;
		};
		086DA7391E505D9800996DF5 /* Sources */ = {
			isa = PBXSourcesBuildPhase;
			buildActionMask = 2147483647;
			files = (
				086DA7421E505D9800996DF5 /* pageScrollUITests.swift in Sources */,
			);
			runOnlyForDeploymentPostprocessing = 0;
		};
/* End PBXSourcesBuildPhase section */

/* Begin PBXTargetDependency section */
		086DA7341E505D9800996DF5 /* PBXTargetDependency */ = {
			isa = PBXTargetDependency;
			target = 086DA71D1E505D9800996DF5 /* pageScroll */;
			targetProxy = 086DA7331E505D9800996DF5 /* PBXContainerItemProxy */;
		};
		086DA73F1E505D9800996DF5 /* PBXTargetDependency */ = {
			isa = PBXTargetDependency;
			target = 086DA71D1E505D9800996DF5 /* pageScroll */;
			targetProxy = 086DA73E1E505D9800996DF5 /* PBXContainerItemProxy */;
		};
/* End PBXTargetDependency section */

/* Begin PBXVariantGroup section */
		086DA7251E505D9800996DF5 /* Main.storyboard */ = {
			isa = PBXVariantGroup;
			children = (
				086DA7261E505D9800996DF5 /* Base */,
			);
			name = Main.storyboard;
			sourceTree = "<group>";
		};
		086DA72A1E505D9800996DF5 /* LaunchScreen.storyboard */ = {
			isa = PBXVariantGroup;
			children = (
				086DA72B1E505D9800996DF5 /* Base */,
			);
			name = LaunchScreen.storyboard;
			sourceTree = "<group>";
		};
/* End PBXVariantGroup section */

/* Begin XCBuildConfiguration section */
		086DA7441E505D9800996DF5 /* Debug */ = {
			isa = XCBuildConfiguration;
			buildSettings = {
				ALWAYS_SEARCH_USER_PATHS = NO;
				CLANG_ANALYZER_NONNULL = YES;
				CLANG_CXX_LANGUAGE_STANDARD = "gnu++0x";
				CLANG_CXX_LIBRARY = "libc++";
				CLANG_ENABLE_MODULES = YES;
				CLANG_ENABLE_OBJC_ARC = YES;
				CLANG_WARN_BOOL_CONVERSION = YES;
				CLANG_WARN_CONSTANT_CONVERSION = YES;
				CLANG_WARN_DIRECT_OBJC_ISA_USAGE = YES_ERROR;
				CLANG_WARN_DOCUMENTATION_COMMENTS = YES;
				CLANG_WARN_EMPTY_BODY = YES;
				CLANG_WARN_ENUM_CONVERSION = YES;
				CLANG_WARN_INFINITE_RECURSION = YES;
				CLANG_WARN_INT_CONVERSION = YES;
				CLANG_WARN_OBJC_ROOT_CLASS = YES_ERROR;
				CLANG_WARN_SUSPICIOUS_MOVE = YES;
				CLANG_WARN_UNREACHABLE_CODE = YES;
				CLANG_WARN__DUPLICATE_METHOD_MATCH = YES;
				"CODE_SIGN_IDENTITY[sdk=iphoneos*]" = "iPhone Developer";
				COPY_PHASE_STRIP = NO;
				DEBUG_INFORMATION_FORMAT = dwarf;
				ENABLE_STRICT_OBJC_MSGSEND = YES;
				ENABLE_TESTABILITY = YES;
				GCC_C_LANGUAGE_STANDARD = gnu99;
				GCC_DYNAMIC_NO_PIC = NO;
				GCC_NO_COMMON_BLOCKS = YES;
				GCC_OPTIMIZATION_LEVEL = 0;
				GCC_PREPROCESSOR_DEFINITIONS = (
					"DEBUG=1",
					"$(inherited)",
				);
				GCC_WARN_64_TO_32_BIT_CONVERSION = YES;
				GCC_WARN_ABOUT_RETURN_TYPE = YES_ERROR;
				GCC_WARN_UNDECLARED_SELECTOR = YES;
				GCC_WARN_UNINITIALIZED_AUTOS = YES_AGGRESSIVE;
				GCC_WARN_UNUSED_FUNCTION = YES;
				GCC_WARN_UNUSED_VARIABLE = YES;
				IPHONEOS_DEPLOYMENT_TARGET = 10.2;
				MTL_ENABLE_DEBUG_INFO = YES;
				ONLY_ACTIVE_ARCH = YES;
				SDKROOT = iphoneos;
				SWIFT_ACTIVE_COMPILATION_CONDITIONS = DEBUG;
				SWIFT_OPTIMIZATION_LEVEL = "-Onone";
				TARGETED_DEVICE_FAMILY = "1,2";
			};
			name = Debug;
		};
		086DA7451E505D9800996DF5 /* Release */ = {
			isa = XCBuildConfiguration;
			buildSettings = {
				ALWAYS_SEARCH_USER_PATHS = NO;
				CLANG_ANALYZER_NONNULL = YES;
				CLANG_CXX_LANGUAGE_STANDARD = "gnu++0x";
				CLANG_CXX_LIBRARY = "libc++";
				CLANG_ENABLE_MODULES = YES;
				CLANG_ENABLE_OBJC_ARC = YES;
				CLANG_WARN_BOOL_CONVERSION = YES;
				CLANG_WARN_CONSTANT_CONVERSION = YES;
				CLANG_WARN_DIRECT_OBJC_ISA_USAGE = YES_ERROR;
				CLANG_WARN_DOCUMENTATION_COMMENTS = YES;
				CLANG_WARN_EMPTY_BODY = YES;
				CLANG_WARN_ENUM_CONVERSION = YES;
				CLANG_WARN_INFINITE_RECURSION = YES;
				CLANG_WARN_INT_CONVERSION = YES;
				CLANG_WARN_OBJC_ROOT_CLASS = YES_ERROR;
				CLANG_WARN_SUSPICIOUS_MOVE = YES;
				CLANG_WARN_UNREACHABLE_CODE = YES;
				CLANG_WARN__DUPLICATE_METHOD_MATCH = YES;
				"CODE_SIGN_IDENTITY[sdk=iphoneos*]" = "iPhone Developer";
				COPY_PHASE_STRIP = NO;
				DEBUG_INFORMATION_FORMAT = "dwarf-with-dsym";
				ENABLE_NS_ASSERTIONS = NO;
				ENABLE_STRICT_OBJC_MSGSEND = YES;
				GCC_C_LANGUAGE_STANDARD = gnu99;
				GCC_NO_COMMON_BLOCKS = YES;
				GCC_WARN_64_TO_32_BIT_CONVERSION = YES;
				GCC_WARN_ABOUT_RETURN_TYPE = YES_ERROR;
				GCC_WARN_UNDECLARED_SELECTOR = YES;
				GCC_WARN_UNINITIALIZED_AUTOS = YES_AGGRESSIVE;
				GCC_WARN_UNUSED_FUNCTION = YES;
				GCC_WARN_UNUSED_VARIABLE = YES;
				IPHONEOS_DEPLOYMENT_TARGET = 10.2;
				MTL_ENABLE_DEBUG_INFO = NO;
				SDKROOT = iphoneos;
				SWIFT_OPTIMIZATION_LEVEL = "-Owholemodule";
				TARGETED_DEVICE_FAMILY = "1,2";
				VALIDATE_PRODUCT = YES;
			};
			name = Release;
		};
		086DA7471E505D9800996DF5 /* Debug */ = {
			isa = XCBuildConfiguration;
			buildSettings = {
				ASSETCATALOG_COMPILER_APPICON_NAME = AppIcon;
				INFOPLIST_FILE = pageScroll/Info.plist;
				LD_RUNPATH_SEARCH_PATHS = "$(inherited) @executable_path/Frameworks";
				PRODUCT_BUNDLE_IDENTIFIER = thing.pageScroll;
				PRODUCT_NAME = "$(TARGET_NAME)";
				SWIFT_VERSION = 3.0;
			};
			name = Debug;
		};
		086DA7481E505D9800996DF5 /* Release */ = {
			isa = XCBuildConfiguration;
			buildSettings = {
				ASSETCATALOG_COMPILER_APPICON_NAME = AppIcon;
				INFOPLIST_FILE = pageScroll/Info.plist;
				LD_RUNPATH_SEARCH_PATHS = "$(inherited) @executable_path/Frameworks";
				PRODUCT_BUNDLE_IDENTIFIER = thing.pageScroll;
				PRODUCT_NAME = "$(TARGET_NAME)";
				SWIFT_VERSION = 3.0;
			};
			name = Release;
		};
		086DA74A1E505D9800996DF5 /* Debug */ = {
			isa = XCBuildConfiguration;
			buildSettings = {
				ALWAYS_EMBED_SWIFT_STANDARD_LIBRARIES = YES;
				BUNDLE_LOADER = "$(TEST_HOST)";
				INFOPLIST_FILE = pageScrollTests/Info.plist;
				LD_RUNPATH_SEARCH_PATHS = "$(inherited) @executable_path/Frameworks @loader_path/Frameworks";
				PRODUCT_BUNDLE_IDENTIFIER = thing.pageScrollTests;
				PRODUCT_NAME = "$(TARGET_NAME)";
				SWIFT_VERSION = 3.0;
				TEST_HOST = "$(BUILT_PRODUCTS_DIR)/pageScroll.app/pageScroll";
			};
			name = Debug;
		};
		086DA74B1E505D9800996DF5 /* Release */ = {
			isa = XCBuildConfiguration;
			buildSettings = {
				ALWAYS_EMBED_SWIFT_STANDARD_LIBRARIES = YES;
				BUNDLE_LOADER = "$(TEST_HOST)";
				INFOPLIST_FILE = pageScrollTests/Info.plist;
				LD_RUNPATH_SEARCH_PATHS = "$(inherited) @executable_path/Frameworks @loader_path/Frameworks";
				PRODUCT_BUNDLE_IDENTIFIER = thing.pageScrollTests;
				PRODUCT_NAME = "$(TARGET_NAME)";
				SWIFT_VERSION = 3.0;
				TEST_HOST = "$(BUILT_PRODUCTS_DIR)/pageScroll.app/pageScroll";
			};
			name = Release;
		};
		086DA74D1E505D9800996DF5 /* Debug */ = {
			isa = XCBuildConfiguration;
			buildSettings = {
				ALWAYS_EMBED_SWIFT_STANDARD_LIBRARIES = YES;
				INFOPLIST_FILE = pageScrollUITests/Info.plist;
				LD_RUNPATH_SEARCH_PATHS = "$(inherited) @executable_path/Frameworks @loader_path/Frameworks";
				PRODUCT_BUNDLE_IDENTIFIER = thing.pageScrollUITests;
				PRODUCT_NAME = "$(TARGET_NAME)";
				SWIFT_VERSION = 3.0;
				TEST_TARGET_NAME = pageScroll;
			};
			name = Debug;
		};
		086DA74E1E505D9800996DF5 /* Release */ = {
			isa = XCBuildConfiguration;
			buildSettings = {
				ALWAYS_EMBED_SWIFT_STANDARD_LIBRARIES = YES;
				INFOPLIST_FILE = pageScrollUITests/Info.plist;
				LD_RUNPATH_SEARCH_PATHS = "$(inherited) @executable_path/Frameworks @loader_path/Frameworks";
				PRODUCT_BUNDLE_IDENTIFIER = thing.pageScrollUITests;
				PRODUCT_NAME = "$(TARGET_NAME)";
				SWIFT_VERSION = 3.0;
				TEST_TARGET_NAME = pageScroll;
			};
			name = Release;
		};
/* End XCBuildConfiguration section */

/* Begin XCConfigurationList section */
		086DA7191E505D9800996DF5 /* Build configuration list for PBXProject "pageScroll" */ = {
			isa = XCConfigurationList;
			buildConfigurations = (
				086DA7441E505D9800996DF5 /* Debug */,
				086DA7451E505D9800996DF5 /* Release */,
			);
			defaultConfigurationIsVisible = 0;
			defaultConfigurationName = Release;
		};
		086DA7461E505D9800996DF5 /* Build configuration list for PBXNativeTarget "pageScroll" */ = {
			isa = XCConfigurationList;
			buildConfigurations = (
				086DA7471E505D9800996DF5 /* Debug */,
				086DA7481E505D9800996DF5 /* Release */,
			);
			defaultConfigurationIsVisible = 0;
		};
		086DA7491E505D9800996DF5 /* Build configuration list for PBXNativeTarget "pageScrollTests" */ = {
			isa = XCConfigurationList;
			buildConfigurations = (
				086DA74A1E505D9800996DF5 /* Debug */,
				086DA74B1E505D9800996DF5 /* Release */,
			);
			defaultConfigurationIsVisible = 0;
		};
		086DA74C1E505D9800996DF5 /* Build configuration list for PBXNativeTarget "pageScrollUITests" */ = {
			isa = XCConfigurationList;
			buildConfigurations = (
				086DA74D1E505D9800996DF5 /* Debug */,
				086DA74E1E505D9800996DF5 /* Release */,
			);
			defaultConfigurationIsVisible = 0;
		};
/* End XCConfigurationList section */
	};
	rootObject = 086DA7161E505D9800996DF5 /* Project object */;
}
